
Microsoft Visual Studio Solution File, Format Version 12.00
# Visual Studio 15
VisualStudioVersion = 15.0.27004.2002
MinimumVisualStudioVersion = 10.0.40219.1
Project("{FAE04EC0-301F-11D3-BF4B-00C04F79EFBC}") = "RoyalFlowManager", "RoyalFlowManager.csproj", "{B99CDAB4-9673-4D3A-8F01-7DE77F487927}"
EndProject
Global
	GlobalSection(SolutionConfigurationPlatforms) = preSolution
		Debug|Any CPU = Debug|Any CPU
		Release|Any CPU = Release|Any CPU
	EndGlobalSection
	GlobalSection(ProjectConfigurationPlatforms) = postSolution
		{B99CDAB4-9673-4D3A-8F01-7DE77F487927}.Debug|Any CPU.ActiveCfg = Debug|Any CPU
		{B99CDAB4-9673-4D3A-8F01-7DE77F487927}.Debug|Any CPU.Build.0 = Debug|Any CPU
		{B99CDAB4-9673-4D3A-8F01-7DE77F487927}.Release|Any CPU.ActiveCfg = Release|Any CPU
		{B99CDAB4-9673-4D3A-8F01-7DE77F487927}.Release|Any CPU.Build.0 = Release|Any CPU
	EndGlobalSection
	GlobalSection(SolutionProperties) = preSolution
		HideSolutionNode = FALSE
	EndGlobalSection
	GlobalSection(ExtensibilityGlobals) = postSolution
		SolutionGuid = {541C597E-C3E1-4AE9-829C-A6D5A7EE0C25}
	EndGlobalSection
EndGlobal
